
Microsoft Visual Studio Solution File, Format Version 12.00
# Visual Studio 14
VisualStudioVersion = 14.0.25420.1
MinimumVisualStudioVersion = 10.0.40219.1
Project("{FAE04EC0-301F-11D3-BF4B-00C04F79EFBC}") = "Disruptor.basic", "Disruptor.basic\Disruptor.basic.csproj", "{AEB2E6C7-5CA4-4BA4-83B0-477C72B7B36D}"
EndProject
Project("{FAE04EC0-301F-11D3-BF4B-00C04F79EFBC}") = "Disruptor.BatchEventProcessor", "Disruptor.BatchEventProcessor\Disruptor.BatchEventProcessor.csproj", "{2FE84D1D-5D85-4AC8-9016-35A3D9F0B8EC}"
EndProject
Global
	GlobalSection(SolutionConfigurationPlatforms) = preSolution
		Debug|Any CPU = Debug|Any CPU
		Release|Any CPU = Release|Any CPU
	EndGlobalSection
	GlobalSection(ProjectConfigurationPlatforms) = postSolution
		{AEB2E6C7-5CA4-4BA4-83B0-477C72B7B36D}.Debug|Any CPU.ActiveCfg = Debug|Any CPU
		{AEB2E6C7-5CA4-4BA4-83B0-477C72B7B36D}.Debug|Any CPU.Build.0 = Debug|Any CPU
		{AEB2E6C7-5CA4-4BA4-83B0-477C72B7B36D}.Release|Any CPU.ActiveCfg = Release|Any CPU
		{AEB2E6C7-5CA4-4BA4-83B0-477C72B7B36D}.Release|Any CPU.Build.0 = Release|Any CPU
		{2FE84D1D-5D85-4AC8-9016-35A3D9F0B8EC}.Debug|Any CPU.ActiveCfg = Debug|Any CPU
		{2FE84D1D-5D85-4AC8-9016-35A3D9F0B8EC}.Debug|Any CPU.Build.0 = Debug|Any CPU
		{2FE84D1D-5D85-4AC8-9016-35A3D9F0B8EC}.Release|Any CPU.ActiveCfg = Release|Any CPU
		{2FE84D1D-5D85-4AC8-9016-35A3D9F0B8EC}.Release|Any CPU.Build.0 = Release|Any CPU
	EndGlobalSection
	GlobalSection(SolutionProperties) = preSolution
		HideSolutionNode = FALSE
	EndGlobalSection
EndGlobal
